
Microsoft Visual Studio Solution File, Format Version 12.00
# Visual Studio Version 17
VisualStudioVersion = 17.11.35208.52
MinimumVisualStudioVersion = 10.0.40219.1
Project("{FAE04EC0-301F-11D3-BF4B-00C04F79EFBC}") = "3(1)", "3(1).csproj", "{F8559124-253E-4D3D-806E-D019ED518DFE}"
EndProject
Global
	GlobalSection(SolutionConfigurationPlatforms) = preSolution
		Debug|Any CPU = Debug|Any CPU
		Release|Any CPU = Release|Any CPU
	EndGlobalSection
	GlobalSection(ProjectConfigurationPlatforms) = postSolution
		{F8559124-253E-4D3D-806E-D019ED518DFE}.Debug|Any CPU.ActiveCfg = Debug|Any CPU
		{F8559124-253E-4D3D-806E-D019ED518DFE}.Debug|Any CPU.Build.0 = Debug|Any CPU
		{F8559124-253E-4D3D-806E-D019ED518DFE}.Release|Any CPU.ActiveCfg = Release|Any CPU
		{F8559124-253E-4D3D-806E-D019ED518DFE}.Release|Any CPU.Build.0 = Release|Any CPU
	EndGlobalSection
	GlobalSection(SolutionProperties) = preSolution
		HideSolutionNode = FALSE
	EndGlobalSection
	GlobalSection(ExtensibilityGlobals) = postSolution
		SolutionGuid = {90DD9498-7946-4608-9A2D-DFF1AE0D7A76}
	EndGlobalSection
EndGlobal
