
Microsoft Visual Studio Solution File, Format Version 12.00
# Visual Studio Version 17
VisualStudioVersion = 17.11.35208.52
MinimumVisualStudioVersion = 10.0.40219.1
Project("{FAE04EC0-301F-11D3-BF4B-00C04F79EFBC}") = "3(7)", "3(7).csproj", "{360A482B-F36F-423D-A7C8-C1F33EF5CAFF}"
EndProject
Global
	GlobalSection(SolutionConfigurationPlatforms) = preSolution
		Debug|Any CPU = Debug|Any CPU
		Release|Any CPU = Release|Any CPU
	EndGlobalSection
	GlobalSection(ProjectConfigurationPlatforms) = postSolution
		{360A482B-F36F-423D-A7C8-C1F33EF5CAFF}.Debug|Any CPU.ActiveCfg = Debug|Any CPU
		{360A482B-F36F-423D-A7C8-C1F33EF5CAFF}.Debug|Any CPU.Build.0 = Debug|Any CPU
		{360A482B-F36F-423D-A7C8-C1F33EF5CAFF}.Release|Any CPU.ActiveCfg = Release|Any CPU
		{360A482B-F36F-423D-A7C8-C1F33EF5CAFF}.Release|Any CPU.Build.0 = Release|Any CPU
	EndGlobalSection
	GlobalSection(SolutionProperties) = preSolution
		HideSolutionNode = FALSE
	EndGlobalSection
	GlobalSection(ExtensibilityGlobals) = postSolution
		SolutionGuid = {C69AEA0F-3737-4D76-87FA-29442D7E646E}
	EndGlobalSection
EndGlobal
